// !$*UTF8*$!
{
	archiveVersion = 1;
	classes = {
	};
	objectVersion = 48;
	objects = {

/* Begin PBXBuildFile section */
		CE57FC9C20191CBB00C1598C /* AppDelegate.swift in Sources */ = {isa = PBXBuildFile; fileRef = CE57FC9B20191CBB00C1598C /* AppDelegate.swift */; };
		CE57FCA120191CBB00C1598C /* Main.storyboard in Resources */ = {isa = PBXBuildFile; fileRef = CE57FC9F20191CBB00C1598C /* Main.storyboard */; };
		CE57FCA320191CBB00C1598C /* Assets.xcassets in Resources */ = {isa = PBXBuildFile; fileRef = CE57FCA220191CBB00C1598C /* Assets.xcassets */; };
		CE57FCA620191CBB00C1598C /* LaunchScreen.storyboard in Resources */ = {isa = PBXBuildFile; fileRef = CE57FCA420191CBB00C1598C /* LaunchScreen.storyboard */; };
		CE57FCB120191CBC00C1598C /* MyPlacesTests.swift in Sources */ = {isa = PBXBuildFile; fileRef = CE57FCB020191CBC00C1598C /* MyPlacesTests.swift */; };
		CE57FCBC20191CBC00C1598C /* MyPlacesUITests.swift in Sources */ = {isa = PBXBuildFile; fileRef = CE57FCBB20191CBC00C1598C /* MyPlacesUITests.swift */; };
		CE57FCCA20191E2100C1598C /* PlacesViewController.swift in Sources */ = {isa = PBXBuildFile; fileRef = CE57FCC920191E2100C1598C /* PlacesViewController.swift */; };
/* End PBXBuildFile section */

/* Begin PBXContainerItemProxy section */
		CE57FCAD20191CBC00C1598C /* PBXContainerItemProxy */ = {
			isa = PBXContainerItemProxy;
			containerPortal = CE57FC9020191CBB00C1598C /* Project object */;
			proxyType = 1;
			remoteGlobalIDString = CE57FC9720191CBB00C1598C;
			remoteInfo = MyPlaces;
		};
		CE57FCB820191CBC00C1598C /* PBXContainerItemProxy */ = {
			isa = PBXContainerItemProxy;
			containerPortal = CE57FC9020191CBB00C1598C /* Project object */;
			proxyType = 1;
			remoteGlobalIDString = CE57FC9720191CBB00C1598C;
			remoteInfo = MyPlaces;
		};
/* End PBXContainerItemProxy section */

/* Begin PBXFileReference section */
		CE57FC9820191CBB00C1598C /* MyPlaces.app */ = {isa = PBXFileReference; explicitFileType = wrapper.application; includeInIndex = 0; path = MyPlaces.app; sourceTree = BUILT_PRODUCTS_DIR; };
		CE57FC9B20191CBB00C1598C /* AppDelegate.swift */ = {isa = PBXFileReference; lastKnownFileType = sourcecode.swift; path = AppDelegate.swift; sourceTree = "<group>"; };
		CE57FCA020191CBB00C1598C /* Base */ = {isa = PBXFileReference; lastKnownFileType = file.storyboard; name = Base; path = Base.lproj/Main.storyboard; sourceTree = "<group>"; };
		CE57FCA220191CBB00C1598C /* Assets.xcassets */ = {isa = PBXFileReference; lastKnownFileType = folder.assetcatalog; path = Assets.xcassets; sourceTree = "<group>"; };
		CE57FCA520191CBB00C1598C /* Base */ = {isa = PBXFileReference; lastKnownFileType = file.storyboard; name = Base; path = Base.lproj/LaunchScreen.storyboard; sourceTree = "<group>"; };
		CE57FCA720191CBB00C1598C /* Info.plist */ = {isa = PBXFileReference; lastKnownFileType = text.plist.xml; path = Info.plist; sourceTree = "<group>"; };
		CE57FCAC20191CBC00C1598C /* MyPlacesTests.xctest */ = {isa = PBXFileReference; explicitFileType = wrapper.cfbundle; includeInIndex = 0; path = MyPlacesTests.xctest; sourceTree = BUILT_PRODUCTS_DIR; };
		CE57FCB020191CBC00C1598C /* MyPlacesTests.swift */ = {isa = PBXFileReference; lastKnownFileType = sourcecode.swift; path = MyPlacesTests.swift; sourceTree = "<group>"; };
		CE57FCB220191CBC00C1598C /* Info.plist */ = {isa = PBXFileReference; lastKnownFileType = text.plist.xml; path = Info.plist; sourceTree = "<group>"; };
		CE57FCB720191CBC00C1598C /* MyPlacesUITests.xctest */ = {isa = PBXFileReference; explicitFileType = wrapper.cfbundle; includeInIndex = 0; path = MyPlacesUITests.xctest; sourceTree = BUILT_PRODUCTS_DIR; };
		CE57FCBB20191CBC00C1598C /* MyPlacesUITests.swift */ = {isa = PBXFileReference; lastKnownFileType = sourcecode.swift; path = MyPlacesUITests.swift; sourceTree = "<group>"; };
		CE57FCBD20191CBC00C1598C /* Info.plist */ = {isa = PBXFileReference; lastKnownFileType = text.plist.xml; path = Info.plist; sourceTree = "<group>"; };
		CE57FCC920191E2100C1598C /* PlacesViewController.swift */ = {isa = PBXFileReference; lastKnownFileType = sourcecode.swift; path = PlacesViewController.swift; sourceTree = "<group>"; };
/* End PBXFileReference section */

/* Begin PBXFrameworksBuildPhase section */
		CE57FC9520191CBB00C1598C /* Frameworks */ = {
			isa = PBXFrameworksBuildPhase;
			buildActionMask = 2147483647;
			files = (
			);
			runOnlyForDeploymentPostprocessing = 0;
		};
		CE57FCA920191CBC00C1598C /* Frameworks */ = {
			isa = PBXFrameworksBuildPhase;
			buildActionMask = 2147483647;
			files = (
			);
			runOnlyForDeploymentPostprocessing = 0;
		};
		CE57FCB420191CBC00C1598C /* Frameworks */ = {
			isa = PBXFrameworksBuildPhase;
			buildActionMask = 2147483647;
			files = (
			);
			runOnlyForDeploymentPostprocessing = 0;
		};
/* End PBXFrameworksBuildPhase section */

/* Begin PBXGroup section */
		CE57FC8F20191CBB00C1598C = {
			isa = PBXGroup;
			children = (
				CE57FC9A20191CBB00C1598C /* MyPlaces */,
				CE57FCAF20191CBC00C1598C /* MyPlacesTests */,
				CE57FCBA20191CBC00C1598C /* MyPlacesUITests */,
				CE57FC9920191CBB00C1598C /* Products */,
			);
			sourceTree = "<group>";
		};
		CE57FC9920191CBB00C1598C /* Products */ = {
			isa = PBXGroup;
			children = (
				CE57FC9820191CBB00C1598C /* MyPlaces.app */,
				CE57FCAC20191CBC00C1598C /* MyPlacesTests.xctest */,
				CE57FCB720191CBC00C1598C /* MyPlacesUITests.xctest */,
			);
			name = Products;
			sourceTree = "<group>";
		};
		CE57FC9A20191CBB00C1598C /* MyPlaces */ = {
			isa = PBXGroup;
			children = (
				CE57FC9B20191CBB00C1598C /* AppDelegate.swift */,
				CE57FC9F20191CBB00C1598C /* Main.storyboard */,
				CE57FCC920191E2100C1598C /* PlacesViewController.swift */,
				CE57FCA220191CBB00C1598C /* Assets.xcassets */,
				CE57FCA420191CBB00C1598C /* LaunchScreen.storyboard */,
				CE57FCA720191CBB00C1598C /* Info.plist */,
			);
			path = MyPlaces;
			sourceTree = "<group>";
		};
		CE57FCAF20191CBC00C1598C /* MyPlacesTests */ = {
			isa = PBXGroup;
			children = (
				CE57FCB020191CBC00C1598C /* MyPlacesTests.swift */,
				CE57FCB220191CBC00C1598C /* Info.plist */,
			);
			path = MyPlacesTests;
			sourceTree = "<group>";
		};
		CE57FCBA20191CBC00C1598C /* MyPlacesUITests */ = {
			isa = PBXGroup;
			children = (
				CE57FCBB20191CBC00C1598C /* MyPlacesUITests.swift */,
				CE57FCBD20191CBC00C1598C /* Info.plist */,
			);
			path = MyPlacesUITests;
			sourceTree = "<group>";
		};
/* End PBXGroup section */

/* Begin PBXNativeTarget section */
		CE57FC9720191CBB00C1598C /* MyPlaces */ = {
			isa = PBXNativeTarget;
			buildConfigurationList = CE57FCC020191CBC00C1598C /* Build configuration list for PBXNativeTarget "MyPlaces" */;
			buildPhases = (
				CE57FC9420191CBB00C1598C /* Sources */,
				CE57FC9520191CBB00C1598C /* Frameworks */,
				CE57FC9620191CBB00C1598C /* Resources */,
			);
			buildRules = (
			);
			dependencies = (
			);
			name = MyPlaces;
			productName = MyPlaces;
			productReference = CE57FC9820191CBB00C1598C /* MyPlaces.app */;
			productType = "com.apple.product-type.application";
		};
		CE57FCAB20191CBC00C1598C /* MyPlacesTests */ = {
			isa = PBXNativeTarget;
			buildConfigurationList = CE57FCC320191CBC00C1598C /* Build configuration list for PBXNativeTarget "MyPlacesTests" */;
			buildPhases = (
				CE57FCA820191CBC00C1598C /* Sources */,
				CE57FCA920191CBC00C1598C /* Frameworks */,
				CE57FCAA20191CBC00C1598C /* Resources */,
			);
			buildRules = (
			);
			dependencies = (
				CE57FCAE20191CBC00C1598C /* PBXTargetDependency */,
			);
			name = MyPlacesTests;
			productName = MyPlacesTests;
			productReference = CE57FCAC20191CBC00C1598C /* MyPlacesTests.xctest */;
			productType = "com.apple.product-type.bundle.unit-test";
		};
		CE57FCB620191CBC00C1598C /* MyPlacesUITests */ = {
			isa = PBXNativeTarget;
			buildConfigurationList = CE57FCC620191CBC00C1598C /* Build configuration list for PBXNativeTarget "MyPlacesUITests" */;
			buildPhases = (
				CE57FCB320191CBC00C1598C /* Sources */,
				CE57FCB420191CBC00C1598C /* Frameworks */,
				CE57FCB520191CBC00C1598C /* Resources */,
			);
			buildRules = (
			);
			dependencies = (
				CE57FCB920191CBC00C1598C /* PBXTargetDependency */,
			);
			name = MyPlacesUITests;
			productName = MyPlacesUITests;
			productReference = CE57FCB720191CBC00C1598C /* MyPlacesUITests.xctest */;
			productType = "com.apple.product-type.bundle.ui-testing";
		};
/* End PBXNativeTarget section */

/* Begin PBXProject section */
		CE57FC9020191CBB00C1598C /* Project object */ = {
			isa = PBXProject;
			attributes = {
				LastSwiftUpdateCheck = 0920;
				LastUpgradeCheck = 0920;
				ORGANIZATIONNAME = "Andrey Germanov";
				TargetAttributes = {
					CE57FC9720191CBB00C1598C = {
						CreatedOnToolsVersion = 9.2;
						ProvisioningStyle = Automatic;
					};
					CE57FCAB20191CBC00C1598C = {
						CreatedOnToolsVersion = 9.2;
						ProvisioningStyle = Automatic;
						TestTargetID = CE57FC9720191CBB00C1598C;
					};
					CE57FCB620191CBC00C1598C = {
						CreatedOnToolsVersion = 9.2;
						ProvisioningStyle = Automatic;
						TestTargetID = CE57FC9720191CBB00C1598C;
					};
				};
			};
			buildConfigurationList = CE57FC9320191CBB00C1598C /* Build configuration list for PBXProject "MyPlaces" */;
			compatibilityVersion = "Xcode 8.0";
			developmentRegion = en;
			hasScannedForEncodings = 0;
			knownRegions = (
				en,
				Base,
			);
			mainGroup = CE57FC8F20191CBB00C1598C;
			productRefGroup = CE57FC9920191CBB00C1598C /* Products */;
			projectDirPath = "";
			projectRoot = "";
			targets = (
				CE57FC9720191CBB00C1598C /* MyPlaces */,
				CE57FCAB20191CBC00C1598C /* MyPlacesTests */,
				CE57FCB620191CBC00C1598C /* MyPlacesUITests */,
			);
		};
/* End PBXProject section */

/* Begin PBXResourcesBuildPhase section */
		CE57FC9620191CBB00C1598C /* Resources */ = {
			isa = PBXResourcesBuildPhase;
			buildActionMask = 2147483647;
			files = (
				CE57FCA620191CBB00C1598C /* LaunchScreen.storyboard in Resources */,
				CE57FCA320191CBB00C1598C /* Assets.xcassets in Resources */,
				CE57FCA120191CBB00C1598C /* Main.storyboard in Resources */,
			);
			runOnlyForDeploymentPostprocessing = 0;
		};
		CE57FCAA20191CBC00C1598C /* Resources */ = {
			isa = PBXResourcesBuildPhase;
			buildActionMask = 2147483647;
			files = (
			);
			runOnlyForDeploymentPostprocessing = 0;
		};
		CE57FCB520191CBC00C1598C /* Resources */ = {
			isa = PBXResourcesBuildPhase;
			buildActionMask = 2147483647;
			files = (
			);
			runOnlyForDeploymentPostprocessing = 0;
		};
/* End PBXResourcesBuildPhase section */

/* Begin PBXSourcesBuildPhase section */
		CE57FC9420191CBB00C1598C /* Sources */ = {
			isa = PBXSourcesBuildPhase;
			buildActionMask = 2147483647;
			files = (
				CE57FCCA20191E2100C1598C /* PlacesViewController.swift in Sources */,
				CE57FC9C20191CBB00C1598C /* AppDelegate.swift in Sources */,
			);
			runOnlyForDeploymentPostprocessing = 0;
		};
		CE57FCA820191CBC00C1598C /* Sources */ = {
			isa = PBXSourcesBuildPhase;
			buildActionMask = 2147483647;
			files = (
				CE57FCB120191CBC00C1598C /* MyPlacesTests.swift in Sources */,
			);
			runOnlyForDeploymentPostprocessing = 0;
		};
		CE57FCB320191CBC00C1598C /* Sources */ = {
			isa = PBXSourcesBuildPhase;
			buildActionMask = 2147483647;
			files = (
				CE57FCBC20191CBC00C1598C /* MyPlacesUITests.swift in Sources */,
			);
			runOnlyForDeploymentPostprocessing = 0;
		};
/* End PBXSourcesBuildPhase section */

/* Begin PBXTargetDependency section */
		CE57FCAE20191CBC00C1598C /* PBXTargetDependency */ = {
			isa = PBXTargetDependency;
			target = CE57FC9720191CBB00C1598C /* MyPlaces */;
			targetProxy = CE57FCAD20191CBC00C1598C /* PBXContainerItemProxy */;
		};
		CE57FCB920191CBC00C1598C /* PBXTargetDependency */ = {
			isa = PBXTargetDependency;
			target = CE57FC9720191CBB00C1598C /* MyPlaces */;
			targetProxy = CE57FCB820191CBC00C1598C /* PBXContainerItemProxy */;
		};
/* End PBXTargetDependency section */

/* Begin PBXVariantGroup section */
		CE57FC9F20191CBB00C1598C /* Main.storyboard */ = {
			isa = PBXVariantGroup;
			children = (
				CE57FCA020191CBB00C1598C /* Base */,
			);
			name = Main.storyboard;
			sourceTree = "<group>";
		};
		CE57FCA420191CBB00C1598C /* LaunchScreen.storyboard */ = {
			isa = PBXVariantGroup;
			children = (
				CE57FCA520191CBB00C1598C /* Base */,
			);
			name = LaunchScreen.storyboard;
			sourceTree = "<group>";
		};
/* End PBXVariantGroup section */

/* Begin XCBuildConfiguration section */
		CE57FCBE20191CBC00C1598C /* Debug */ = {
			isa = XCBuildConfiguration;
			buildSettings = {
				ALWAYS_SEARCH_USER_PATHS = NO;
				CLANG_ANALYZER_NONNULL = YES;
				CLANG_ANALYZER_NUMBER_OBJECT_CONVERSION = YES_AGGRESSIVE;
				CLANG_CXX_LANGUAGE_STANDARD = "gnu++14";
				CLANG_CXX_LIBRARY = "libc++";
				CLANG_ENABLE_MODULES = YES;
				CLANG_ENABLE_OBJC_ARC = YES;
				CLANG_WARN_BLOCK_CAPTURE_AUTORELEASING = YES;
				CLANG_WARN_BOOL_CONVERSION = YES;
				CLANG_WARN_COMMA = YES;
				CLANG_WARN_CONSTANT_CONVERSION = YES;
				CLANG_WARN_DIRECT_OBJC_ISA_USAGE = YES_ERROR;
				CLANG_WARN_DOCUMENTATION_COMMENTS = YES;
				CLANG_WARN_EMPTY_BODY = YES;
				CLANG_WARN_ENUM_CONVERSION = YES;
				CLANG_WARN_INFINITE_RECURSION = YES;
				CLANG_WARN_INT_CONVERSION = YES;
				CLANG_WARN_NON_LITERAL_NULL_CONVERSION = YES;
				CLANG_WARN_OBJC_LITERAL_CONVERSION = YES;
				CLANG_WARN_OBJC_ROOT_CLASS = YES_ERROR;
				CLANG_WARN_RANGE_LOOP_ANALYSIS = YES;
				CLANG_WARN_STRICT_PROTOTYPES = YES;
				CLANG_WARN_SUSPICIOUS_MOVE = YES;
				CLANG_WARN_UNGUARDED_AVAILABILITY = YES_AGGRESSIVE;
				CLANG_WARN_UNREACHABLE_CODE = YES;
				CLANG_WARN__DUPLICATE_METHOD_MATCH = YES;
				CODE_SIGN_IDENTITY = "iPhone Developer";
				COPY_PHASE_STRIP = NO;
				DEBUG_INFORMATION_FORMAT = dwarf;
				ENABLE_STRICT_OBJC_MSGSEND = YES;
				ENABLE_TESTABILITY = YES;
				GCC_C_LANGUAGE_STANDARD = gnu11;
				GCC_DYNAMIC_NO_PIC = NO;
				GCC_NO_COMMON_BLOCKS = YES;
				GCC_OPTIMIZATION_LEVEL = 0;
				GCC_PREPROCESSOR_DEFINITIONS = (
					"DEBUG=1",
					"$(inherited)",
				);
				GCC_WARN_64_TO_32_BIT_CONVERSION = YES;
				GCC_WARN_ABOUT_RETURN_TYPE = YES_ERROR;
				GCC_WARN_UNDECLARED_SELECTOR = YES;
				GCC_WARN_UNINITIALIZED_AUTOS = YES_AGGRESSIVE;
				GCC_WARN_UNUSED_FUNCTION = YES;
				GCC_WARN_UNUSED_VARIABLE = YES;
				IPHONEOS_DEPLOYMENT_TARGET = 11.2;
				MTL_ENABLE_DEBUG_INFO = YES;
				ONLY_ACTIVE_ARCH = YES;
				SDKROOT = iphoneos;
				SWIFT_ACTIVE_COMPILATION_CONDITIONS = DEBUG;
				SWIFT_OPTIMIZATION_LEVEL = "-Onone";
			};
			name = Debug;
		};
		CE57FCBF20191CBC00C1598C /* Release */ = {
			isa = XCBuildConfiguration;
			buildSettings = {
				ALWAYS_SEARCH_USER_PATHS = NO;
				CLANG_ANALYZER_NONNULL = YES;
				CLANG_ANALYZER_NUMBER_OBJECT_CONVERSION = YES_AGGRESSIVE;
				CLANG_CXX_LANGUAGE_STANDARD = "gnu++14";
				CLANG_CXX_LIBRARY = "libc++";
				CLANG_ENABLE_MODULES = YES;
				CLANG_ENABLE_OBJC_ARC = YES;
				CLANG_WARN_BLOCK_CAPTURE_AUTORELEASING = YES;
				CLANG_WARN_BOOL_CONVERSION = YES;
				CLANG_WARN_COMMA = YES;
				CLANG_WARN_CONSTANT_CONVERSION = YES;
				CLANG_WARN_DIRECT_OBJC_ISA_USAGE = YES_ERROR;
				CLANG_WARN_DOCUMENTATION_COMMENTS = YES;
				CLANG_WARN_EMPTY_BODY = YES;
				CLANG_WARN_ENUM_CONVERSION = YES;
				CLANG_WARN_INFINITE_RECURSION = YES;
				CLANG_WARN_INT_CONVERSION = YES;
				CLANG_WARN_NON_LITERAL_NULL_CONVERSION = YES;
				CLANG_WARN_OBJC_LITERAL_CONVERSION = YES;
				CLANG_WARN_OBJC_ROOT_CLASS = YES_ERROR;
				CLANG_WARN_RANGE_LOOP_ANALYSIS = YES;
				CLANG_WARN_STRICT_PROTOTYPES = YES;
				CLANG_WARN_SUSPICIOUS_MOVE = YES;
				CLANG_WARN_UNGUARDED_AVAILABILITY = YES_AGGRESSIVE;
				CLANG_WARN_UNREACHABLE_CODE = YES;
				CLANG_WARN__DUPLICATE_METHOD_MATCH = YES;
				CODE_SIGN_IDENTITY = "iPhone Developer";
				COPY_PHASE_STRIP = NO;
				DEBUG_INFORMATION_FORMAT = "dwarf-with-dsym";
				ENABLE_NS_ASSERTIONS = NO;
				ENABLE_STRICT_OBJC_MSGSEND = YES;
				GCC_C_LANGUAGE_STANDARD = gnu11;
				GCC_NO_COMMON_BLOCKS = YES;
				GCC_WARN_64_TO_32_BIT_CONVERSION = YES;
				GCC_WARN_ABOUT_RETURN_TYPE = YES_ERROR;
				GCC_WARN_UNDECLARED_SELECTOR = YES;
				GCC_WARN_UNINITIALIZED_AUTOS = YES_AGGRESSIVE;
				GCC_WARN_UNUSED_FUNCTION = YES;
				GCC_WARN_UNUSED_VARIABLE = YES;
				IPHONEOS_DEPLOYMENT_TARGET = 11.2;
				MTL_ENABLE_DEBUG_INFO = NO;
				SDKROOT = iphoneos;
				SWIFT_OPTIMIZATION_LEVEL = "-Owholemodule";
				VALIDATE_PRODUCT = YES;
			};
			name = Release;
		};
		CE57FCC120191CBC00C1598C /* Debug */ = {
			isa = XCBuildConfiguration;
			buildSettings = {
				ASSETCATALOG_COMPILER_APPICON_NAME = AppIcon;
				CODE_SIGN_STYLE = Automatic;
				DEVELOPMENT_TEAM = 7QLLYRF93H;
				INFOPLIST_FILE = MyPlaces/Info.plist;
				LD_RUNPATH_SEARCH_PATHS = "$(inherited) @executable_path/Frameworks";
				PRODUCT_BUNDLE_IDENTIFIER = com.andreygermanov.MyPlaces;
				PRODUCT_NAME = "$(TARGET_NAME)";
				SWIFT_VERSION = 4.0;
				TARGETED_DEVICE_FAMILY = "1,2";
			};
			name = Debug;
		};
		CE57FCC220191CBC00C1598C /* Release */ = {
			isa = XCBuildConfiguration;
			buildSettings = {
				ASSETCATALOG_COMPILER_APPICON_NAME = AppIcon;
				CODE_SIGN_STYLE = Automatic;
				DEVELOPMENT_TEAM = 7QLLYRF93H;
				INFOPLIST_FILE = MyPlaces/Info.plist;
				LD_RUNPATH_SEARCH_PATHS = "$(inherited) @executable_path/Frameworks";
				PRODUCT_BUNDLE_IDENTIFIER = com.andreygermanov.MyPlaces;
				PRODUCT_NAME = "$(TARGET_NAME)";
				SWIFT_VERSION = 4.0;
				TARGETED_DEVICE_FAMILY = "1,2";
			};
			name = Release;
		};
		CE57FCC420191CBC00C1598C /* Debug */ = {
			isa = XCBuildConfiguration;
			buildSettings = {
				ALWAYS_EMBED_SWIFT_STANDARD_LIBRARIES = YES;
				BUNDLE_LOADER = "$(TEST_HOST)";
				CODE_SIGN_STYLE = Automatic;
				INFOPLIST_FILE = MyPlacesTests/Info.plist;
				LD_RUNPATH_SEARCH_PATHS = "$(inherited) @executable_path/Frameworks @loader_path/Frameworks";
				PRODUCT_BUNDLE_IDENTIFIER = com.andreygermanov.MyPlacesTests;
				PRODUCT_NAME = "$(TARGET_NAME)";
				SWIFT_VERSION = 4.0;
				TARGETED_DEVICE_FAMILY = "1,2";
				TEST_HOST = "$(BUILT_PRODUCTS_DIR)/MyPlaces.app/MyPlaces";
			};
			name = Debug;
		};
		CE57FCC520191CBC00C1598C /* Release */ = {
			isa = XCBuildConfiguration;
			buildSettings = {
				ALWAYS_EMBED_SWIFT_STANDARD_LIBRARIES = YES;
				BUNDLE_LOADER = "$(TEST_HOST)";
				CODE_SIGN_STYLE = Automatic;
				INFOPLIST_FILE = MyPlacesTests/Info.plist;
				LD_RUNPATH_SEARCH_PATHS = "$(inherited) @executable_path/Frameworks @loader_path/Frameworks";
				PRODUCT_BUNDLE_IDENTIFIER = com.andreygermanov.MyPlacesTests;
				PRODUCT_NAME = "$(TARGET_NAME)";
				SWIFT_VERSION = 4.0;
				TARGETED_DEVICE_FAMILY = "1,2";
				TEST_HOST = "$(BUILT_PRODUCTS_DIR)/MyPlaces.app/MyPlaces";
			};
			name = Release;
		};
		CE57FCC720191CBC00C1598C /* Debug */ = {
			isa = XCBuildConfiguration;
			buildSettings = {
				ALWAYS_EMBED_SWIFT_STANDARD_LIBRARIES = YES;
				CODE_SIGN_STYLE = Automatic;
				INFOPLIST_FILE = MyPlacesUITests/Info.plist;
				LD_RUNPATH_SEARCH_PATHS = "$(inherited) @executable_path/Frameworks @loader_path/Frameworks";
				PRODUCT_BUNDLE_IDENTIFIER = com.andreygermanov.MyPlacesUITests;
				PRODUCT_NAME = "$(TARGET_NAME)";
				SWIFT_VERSION = 4.0;
				TARGETED_DEVICE_FAMILY = "1,2";
				TEST_TARGET_NAME = MyPlaces;
			};
			name = Debug;
		};
		CE57FCC820191CBC00C1598C /* Release */ = {
			isa = XCBuildConfiguration;
			buildSettings = {
				ALWAYS_EMBED_SWIFT_STANDARD_LIBRARIES = YES;
				CODE_SIGN_STYLE = Automatic;
				INFOPLIST_FILE = MyPlacesUITests/Info.plist;
				LD_RUNPATH_SEARCH_PATHS = "$(inherited) @executable_path/Frameworks @loader_path/Frameworks";
				PRODUCT_BUNDLE_IDENTIFIER = com.andreygermanov.MyPlacesUITests;
				PRODUCT_NAME = "$(TARGET_NAME)";
				SWIFT_VERSION = 4.0;
				TARGETED_DEVICE_FAMILY = "1,2";
				TEST_TARGET_NAME = MyPlaces;
			};
			name = Release;
		};
/* End XCBuildConfiguration section */

/* Begin XCConfigurationList section */
		CE57FC9320191CBB00C1598C /* Build configuration list for PBXProject "MyPlaces" */ = {
			isa = XCConfigurationList;
			buildConfigurations = (
				CE57FCBE20191CBC00C1598C /* Debug */,
				CE57FCBF20191CBC00C1598C /* Release */,
			);
			defaultConfigurationIsVisible = 0;
			defaultConfigurationName = Release;
		};
		CE57FCC020191CBC00C1598C /* Build configuration list for PBXNativeTarget "MyPlaces" */ = {
			isa = XCConfigurationList;
			buildConfigurations = (
				CE57FCC120191CBC00C1598C /* Debug */,
				CE57FCC220191CBC00C1598C /* Release */,
			);
			defaultConfigurationIsVisible = 0;
			defaultConfigurationName = Release;
		};
		CE57FCC320191CBC00C1598C /* Build configuration list for PBXNativeTarget "MyPlacesTests" */ = {
			isa = XCConfigurationList;
			buildConfigurations = (
				CE57FCC420191CBC00C1598C /* Debug */,
				CE57FCC520191CBC00C1598C /* Release */,
			);
			defaultConfigurationIsVisible = 0;
			defaultConfigurationName = Release;
		};
		CE57FCC620191CBC00C1598C /* Build configuration list for PBXNativeTarget "MyPlacesUITests" */ = {
			isa = XCConfigurationList;
			buildConfigurations = (
				CE57FCC720191CBC00C1598C /* Debug */,
				CE57FCC820191CBC00C1598C /* Release */,
			);
			defaultConfigurationIsVisible = 0;
			defaultConfigurationName = Release;
		};
/* End XCConfigurationList section */
	};
	rootObject = CE57FC9020191CBB00C1598C /* Project object */;
}
